
Microsoft Visual Studio Solution File, Format Version 12.00
# Visual Studio Version 17
VisualStudioVersion = 17.4.33213.308
MinimumVisualStudioVersion = 10.0.40219.1
Project("{FAE04EC0-301F-11D3-BF4B-00C04F79EFBC}") = "JsonFucking", "JsonFucking\JsonFucking.csproj", "{D344BAE2-7BB2-4263-987E-C9B4A90F1ABD}"
EndProject
Global
	GlobalSection(SolutionConfigurationPlatforms) = preSolution
		Debug|Any CPU = Debug|Any CPU
		Release|Any CPU = Release|Any CPU
	EndGlobalSection
	GlobalSection(ProjectConfigurationPlatforms) = postSolution
		{D344BAE2-7BB2-4263-987E-C9B4A90F1ABD}.Debug|Any CPU.ActiveCfg = Debug|Any CPU
		{D344BAE2-7BB2-4263-987E-C9B4A90F1ABD}.Debug|Any CPU.Build.0 = Debug|Any CPU
		{D344BAE2-7BB2-4263-987E-C9B4A90F1ABD}.Release|Any CPU.ActiveCfg = Release|Any CPU
		{D344BAE2-7BB2-4263-987E-C9B4A90F1ABD}.Release|Any CPU.Build.0 = Release|Any CPU
	EndGlobalSection
	GlobalSection(SolutionProperties) = preSolution
		HideSolutionNode = FALSE
	EndGlobalSection
	GlobalSection(ExtensibilityGlobals) = postSolution
		SolutionGuid = {B7F8C00D-D6A0-4CEF-9471-F861065F60D4}
	EndGlobalSection
EndGlobal
